
Microsoft Visual Studio Solution File, Format Version 12.00
# Visual Studio Version 17
VisualStudioVersion = 17.1.32210.238
MinimumVisualStudioVersion = 10.0.40219.1
Project("{9A19103F-16F7-4668-BE54-9A1E7A4F7556}") = "dailyphongve", "dailyphongve.csproj", "{0DB070E0-D704-41B9-8895-85755B77E8D6}"
EndProject
Global
	GlobalSection(SolutionConfigurationPlatforms) = preSolution
		Debug|Any CPU = Debug|Any CPU
		Release|Any CPU = Release|Any CPU
	EndGlobalSection
	GlobalSection(ProjectConfigurationPlatforms) = postSolution
		{0DB070E0-D704-41B9-8895-85755B77E8D6}.Debug|Any CPU.ActiveCfg = Debug|Any CPU
		{0DB070E0-D704-41B9-8895-85755B77E8D6}.Debug|Any CPU.Build.0 = Debug|Any CPU
		{0DB070E0-D704-41B9-8895-85755B77E8D6}.Release|Any CPU.ActiveCfg = Release|Any CPU
		{0DB070E0-D704-41B9-8895-85755B77E8D6}.Release|Any CPU.Build.0 = Release|Any CPU
	EndGlobalSection
	GlobalSection(SolutionProperties) = preSolution
		HideSolutionNode = FALSE
	EndGlobalSection
	GlobalSection(ExtensibilityGlobals) = postSolution
		SolutionGuid = {E19797BA-CA7E-4A6B-A770-35632EE50CEE}
	EndGlobalSection
EndGlobal
